// !$*UTF8*$!
{
	archiveVersion = 1;
	classes = {
	};
	objectVersion = 56;
	objects = {

/* Begin PBXBuildFile section */
		F7B10E872AA5F5F70045D633 /* hegfrhegswfApp.swift in Sources */ = {isa = PBXBuildFile; fileRef = F7B10E862AA5F5F70045D633 /* hegfrhegswfApp.swift */; };
		F7B10E892AA5F5F70045D633 /* ContentView.swift in Sources */ = {isa = PBXBuildFile; fileRef = F7B10E882AA5F5F70045D633 /* ContentView.swift */; };
		F7B10E8B2AA5F5F80045D633 /* Assets.xcassets in Resources */ = {isa = PBXBuildFile; fileRef = F7B10E8A2AA5F5F80045D633 /* Assets.xcassets */; };
		F7B10E8F2AA5F5F80045D633 /* Preview Assets.xcassets in Resources */ = {isa = PBXBuildFile; fileRef = F7B10E8E2AA5F5F80045D633 /* Preview Assets.xcassets */; };
		F7B10E992AA5F5F80045D633 /* hegfrhegswfTests.swift in Sources */ = {isa = PBXBuildFile; fileRef = F7B10E982AA5F5F80045D633 /* hegfrhegswfTests.swift */; };
		F7B10EA32AA5F5F80045D633 /* hegfrhegswfUITests.swift in Sources */ = {isa = PBXBuildFile; fileRef = F7B10EA22AA5F5F80045D633 /* hegfrhegswfUITests.swift */; };
		F7B10EA52AA5F5F80045D633 /* hegfrhegswfUITestsLaunchTests.swift in Sources */ = {isa = PBXBuildFile; fileRef = F7B10EA42AA5F5F80045D633 /* hegfrhegswfUITestsLaunchTests.swift */; };
/* End PBXBuildFile section */

/* Begin PBXContainerItemProxy section */
		F7B10E952AA5F5F80045D633 /* PBXContainerItemProxy */ = {
			isa = PBXContainerItemProxy;
			containerPortal = F7B10E7B2AA5F5F70045D633 /* Project object */;
			proxyType = 1;
			remoteGlobalIDString = F7B10E822AA5F5F70045D633;
			remoteInfo = hegfrhegswf;
		};
		F7B10E9F2AA5F5F80045D633 /* PBXContainerItemProxy */ = {
			isa = PBXContainerItemProxy;
			containerPortal = F7B10E7B2AA5F5F70045D633 /* Project object */;
			proxyType = 1;
			remoteGlobalIDString = F7B10E822AA5F5F70045D633;
			remoteInfo = hegfrhegswf;
		};
/* End PBXContainerItemProxy section */

/* Begin PBXFileReference section */
		F7B10E832AA5F5F70045D633 /* hegfrhegswf.app */ = {isa = PBXFileReference; explicitFileType = wrapper.application; includeInIndex = 0; path = hegfrhegswf.app; sourceTree = BUILT_PRODUCTS_DIR; };
		F7B10E862AA5F5F70045D633 /* hegfrhegswfApp.swift */ = {isa = PBXFileReference; lastKnownFileType = sourcecode.swift; path = hegfrhegswfApp.swift; sourceTree = "<group>"; };
		F7B10E882AA5F5F70045D633 /* ContentView.swift */ = {isa = PBXFileReference; lastKnownFileType = sourcecode.swift; path = ContentView.swift; sourceTree = "<group>"; };
		F7B10E8A2AA5F5F80045D633 /* Assets.xcassets */ = {isa = PBXFileReference; lastKnownFileType = folder.assetcatalog; path = Assets.xcassets; sourceTree = "<group>"; };
		F7B10E8C2AA5F5F80045D633 /* hegfrhegswf.entitlements */ = {isa = PBXFileReference; lastKnownFileType = text.plist.entitlements; path = hegfrhegswf.entitlements; sourceTree = "<group>"; };
		F7B10E8E2AA5F5F80045D633 /* Preview Assets.xcassets */ = {isa = PBXFileReference; lastKnownFileType = folder.assetcatalog; path = "Preview Assets.xcassets"; sourceTree = "<group>"; };
		F7B10E942AA5F5F80045D633 /* hegfrhegswfTests.xctest */ = {isa = PBXFileReference; explicitFileType = wrapper.cfbundle; includeInIndex = 0; path = hegfrhegswfTests.xctest; sourceTree = BUILT_PRODUCTS_DIR; };
		F7B10E982AA5F5F80045D633 /* hegfrhegswfTests.swift */ = {isa = PBXFileReference; lastKnownFileType = sourcecode.swift; path = hegfrhegswfTests.swift; sourceTree = "<group>"; };
		F7B10E9E2AA5F5F80045D633 /* hegfrhegswfUITests.xctest */ = {isa = PBXFileReference; explicitFileType = wrapper.cfbundle; includeInIndex = 0; path = hegfrhegswfUITests.xctest; sourceTree = BUILT_PRODUCTS_DIR; };
		F7B10EA22AA5F5F80045D633 /* hegfrhegswfUITests.swift */ = {isa = PBXFileReference; lastKnownFileType = sourcecode.swift; path = hegfrhegswfUITests.swift; sourceTree = "<group>"; };
		F7B10EA42AA5F5F80045D633 /* hegfrhegswfUITestsLaunchTests.swift */ = {isa = PBXFileReference; lastKnownFileType = sourcecode.swift; path = hegfrhegswfUITestsLaunchTests.swift; sourceTree = "<group>"; };
/* End PBXFileReference section */

/* Begin PBXFrameworksBuildPhase section */
		F7B10E802AA5F5F70045D633 /* Frameworks */ = {
			isa = PBXFrameworksBuildPhase;
			buildActionMask = 2147483647;
			files = (
			);
			runOnlyForDeploymentPostprocessing = 0;
		};
		F7B10E912AA5F5F80045D633 /* Frameworks */ = {
			isa = PBXFrameworksBuildPhase;
			buildActionMask = 2147483647;
			files = (
			);
			runOnlyForDeploymentPostprocessing = 0;
		};
		F7B10E9B2AA5F5F80045D633 /* Frameworks */ = {
			isa = PBXFrameworksBuildPhase;
			buildActionMask = 2147483647;
			files = (
			);
			runOnlyForDeploymentPostprocessing = 0;
		};
/* End PBXFrameworksBuildPhase section */

/* Begin PBXGroup section */
		F7B10E7A2AA5F5F70045D633 = {
			isa = PBXGroup;
			children = (
				F7B10E852AA5F5F70045D633 /* hegfrhegswf */,
				F7B10E972AA5F5F80045D633 /* hegfrhegswfTests */,
				F7B10EA12AA5F5F80045D633 /* hegfrhegswfUITests */,
				F7B10E842AA5F5F70045D633 /* Products */,
			);
			sourceTree = "<group>";
		};
		F7B10E842AA5F5F70045D633 /* Products */ = {
			isa = PBXGroup;
			children = (
				F7B10E832AA5F5F70045D633 /* hegfrhegswf.app */,
				F7B10E942AA5F5F80045D633 /* hegfrhegswfTests.xctest */,
				F7B10E9E2AA5F5F80045D633 /* hegfrhegswfUITests.xctest */,
			);
			name = Products;
			sourceTree = "<group>";
		};
		F7B10E852AA5F5F70045D633 /* hegfrhegswf */ = {
			isa = PBXGroup;
			children = (
				F7B10E862AA5F5F70045D633 /* hegfrhegswfApp.swift */,
				F7B10E882AA5F5F70045D633 /* ContentView.swift */,
				F7B10E8A2AA5F5F80045D633 /* Assets.xcassets */,
				F7B10E8C2AA5F5F80045D633 /* hegfrhegswf.entitlements */,
				F7B10E8D2AA5F5F80045D633 /* Preview Content */,
			);
			path = hegfrhegswf;
			sourceTree = "<group>";
		};
		F7B10E8D2AA5F5F80045D633 /* Preview Content */ = {
			isa = PBXGroup;
			children = (
				F7B10E8E2AA5F5F80045D633 /* Preview Assets.xcassets */,
			);
			path = "Preview Content";
			sourceTree = "<group>";
		};
		F7B10E972AA5F5F80045D633 /* hegfrhegswfTests */ = {
			isa = PBXGroup;
			children = (
				F7B10E982AA5F5F80045D633 /* hegfrhegswfTests.swift */,
			);
			path = hegfrhegswfTests;
			sourceTree = "<group>";
		};
		F7B10EA12AA5F5F80045D633 /* hegfrhegswfUITests */ = {
			isa = PBXGroup;
			children = (
				F7B10EA22AA5F5F80045D633 /* hegfrhegswfUITests.swift */,
				F7B10EA42AA5F5F80045D633 /* hegfrhegswfUITestsLaunchTests.swift */,
			);
			path = hegfrhegswfUITests;
			sourceTree = "<group>";
		};
/* End PBXGroup section */

/* Begin PBXNativeTarget section */
		F7B10E822AA5F5F70045D633 /* hegfrhegswf */ = {
			isa = PBXNativeTarget;
			buildConfigurationList = F7B10EA82AA5F5F80045D633 /* Build configuration list for PBXNativeTarget "hegfrhegswf" */;
			buildPhases = (
				F7B10E7F2AA5F5F70045D633 /* Sources */,
				F7B10E802AA5F5F70045D633 /* Frameworks */,
				F7B10E812AA5F5F70045D633 /* Resources */,
			);
			buildRules = (
			);
			dependencies = (
			);
			name = hegfrhegswf;
			productName = hegfrhegswf;
			productReference = F7B10E832AA5F5F70045D633 /* hegfrhegswf.app */;
			productType = "com.apple.product-type.application";
		};
		F7B10E932AA5F5F80045D633 /* hegfrhegswfTests */ = {
			isa = PBXNativeTarget;
			buildConfigurationList = F7B10EAB2AA5F5F80045D633 /* Build configuration list for PBXNativeTarget "hegfrhegswfTests" */;
			buildPhases = (
				F7B10E902AA5F5F80045D633 /* Sources */,
				F7B10E912AA5F5F80045D633 /* Frameworks */,
				F7B10E922AA5F5F80045D633 /* Resources */,
			);
			buildRules = (
			);
			dependencies = (
				F7B10E962AA5F5F80045D633 /* PBXTargetDependency */,
			);
			name = hegfrhegswfTests;
			productName = hegfrhegswfTests;
			productReference = F7B10E942AA5F5F80045D633 /* hegfrhegswfTests.xctest */;
			productType = "com.apple.product-type.bundle.unit-test";
		};
		F7B10E9D2AA5F5F80045D633 /* hegfrhegswfUITests */ = {
			isa = PBXNativeTarget;
			buildConfigurationList = F7B10EAE2AA5F5F80045D633 /* Build configuration list for PBXNativeTarget "hegfrhegswfUITests" */;
			buildPhases = (
				F7B10E9A2AA5F5F80045D633 /* Sources */,
				F7B10E9B2AA5F5F80045D633 /* Frameworks */,
				F7B10E9C2AA5F5F80045D633 /* Resources */,
			);
			buildRules = (
			);
			dependencies = (
				F7B10EA02AA5F5F80045D633 /* PBXTargetDependency */,
			);
			name = hegfrhegswfUITests;
			productName = hegfrhegswfUITests;
			productReference = F7B10E9E2AA5F5F80045D633 /* hegfrhegswfUITests.xctest */;
			productType = "com.apple.product-type.bundle.ui-testing";
		};
/* End PBXNativeTarget section */

/* Begin PBXProject section */
		F7B10E7B2AA5F5F70045D633 /* Project object */ = {
			isa = PBXProject;
			attributes = {
				BuildIndependentTargetsInParallel = 1;
				LastSwiftUpdateCheck = 1430;
				LastUpgradeCheck = 1430;
				TargetAttributes = {
					F7B10E822AA5F5F70045D633 = {
						CreatedOnToolsVersion = 14.3.1;
					};
					F7B10E932AA5F5F80045D633 = {
						CreatedOnToolsVersion = 14.3.1;
						TestTargetID = F7B10E822AA5F5F70045D633;
					};
					F7B10E9D2AA5F5F80045D633 = {
						CreatedOnToolsVersion = 14.3.1;
						TestTargetID = F7B10E822AA5F5F70045D633;
					};
				};
			};
			buildConfigurationList = F7B10E7E2AA5F5F70045D633 /* Build configuration list for PBXProject "hegfrhegswf" */;
			compatibilityVersion = "Xcode 14.0";
			developmentRegion = en;
			hasScannedForEncodings = 0;
			knownRegions = (
				en,
				Base,
			);
			mainGroup = F7B10E7A2AA5F5F70045D633;
			productRefGroup = F7B10E842AA5F5F70045D633 /* Products */;
			projectDirPath = "";
			projectRoot = "";
			targets = (
				F7B10E822AA5F5F70045D633 /* hegfrhegswf */,
				F7B10E932AA5F5F80045D633 /* hegfrhegswfTests */,
				F7B10E9D2AA5F5F80045D633 /* hegfrhegswfUITests */,
			);
		};
/* End PBXProject section */

/* Begin PBXResourcesBuildPhase section */
		F7B10E812AA5F5F70045D633 /* Resources */ = {
			isa = PBXResourcesBuildPhase;
			buildActionMask = 2147483647;
			files = (
				F7B10E8F2AA5F5F80045D633 /* Preview Assets.xcassets in Resources */,
				F7B10E8B2AA5F5F80045D633 /* Assets.xcassets in Resources */,
			);
			runOnlyForDeploymentPostprocessing = 0;
		};
		F7B10E922AA5F5F80045D633 /* Resources */ = {
			isa = PBXResourcesBuildPhase;
			buildActionMask = 2147483647;
			files = (
			);
			runOnlyForDeploymentPostprocessing = 0;
		};
		F7B10E9C2AA5F5F80045D633 /* Resources */ = {
			isa = PBXResourcesBuildPhase;
			buildActionMask = 2147483647;
			files = (
			);
			runOnlyForDeploymentPostprocessing = 0;
		};
/* End PBXResourcesBuildPhase section */

/* Begin PBXSourcesBuildPhase section */
		F7B10E7F2AA5F5F70045D633 /* Sources */ = {
			isa = PBXSourcesBuildPhase;
			buildActionMask = 2147483647;
			files = (
				F7B10E892AA5F5F70045D633 /* ContentView.swift in Sources */,
				F7B10E872AA5F5F70045D633 /* hegfrhegswfApp.swift in Sources */,
			);
			runOnlyForDeploymentPostprocessing = 0;
		};
		F7B10E902AA5F5F80045D633 /* Sources */ = {
			isa = PBXSourcesBuildPhase;
			buildActionMask = 2147483647;
			files = (
				F7B10E992AA5F5F80045D633 /* hegfrhegswfTests.swift in Sources */,
			);
			runOnlyForDeploymentPostprocessing = 0;
		};
		F7B10E9A2AA5F5F80045D633 /* Sources */ = {
			isa = PBXSourcesBuildPhase;
			buildActionMask = 2147483647;
			files = (
				F7B10EA32AA5F5F80045D633 /* hegfrhegswfUITests.swift in Sources */,
				F7B10EA52AA5F5F80045D633 /* hegfrhegswfUITestsLaunchTests.swift in Sources */,
			);
			runOnlyForDeploymentPostprocessing = 0;
		};
/* End PBXSourcesBuildPhase section */

/* Begin PBXTargetDependency section */
		F7B10E962AA5F5F80045D633 /* PBXTargetDependency */ = {
			isa = PBXTargetDependency;
			target = F7B10E822AA5F5F70045D633 /* hegfrhegswf */;
			targetProxy = F7B10E952AA5F5F80045D633 /* PBXContainerItemProxy */;
		};
		F7B10EA02AA5F5F80045D633 /* PBXTargetDependency */ = {
			isa = PBXTargetDependency;
			target = F7B10E822AA5F5F70045D633 /* hegfrhegswf */;
			targetProxy = F7B10E9F2AA5F5F80045D633 /* PBXContainerItemProxy */;
		};
/* End PBXTargetDependency section */

/* Begin XCBuildConfiguration section */
		F7B10EA62AA5F5F80045D633 /* Debug */ = {
			isa = XCBuildConfiguration;
			buildSettings = {
				ALWAYS_SEARCH_USER_PATHS = NO;
				CLANG_ANALYZER_NONNULL = YES;
				CLANG_ANALYZER_NUMBER_OBJECT_CONVERSION = YES_AGGRESSIVE;
				CLANG_CXX_LANGUAGE_STANDARD = "gnu++20";
				CLANG_ENABLE_MODULES = YES;
				CLANG_ENABLE_OBJC_ARC = YES;
				CLANG_ENABLE_OBJC_WEAK = YES;
				CLANG_WARN_BLOCK_CAPTURE_AUTORELEASING = YES;
				CLANG_WARN_BOOL_CONVERSION = YES;
				CLANG_WARN_COMMA = YES;
				CLANG_WARN_CONSTANT_CONVERSION = YES;
				CLANG_WARN_DEPRECATED_OBJC_IMPLEMENTATIONS = YES;
				CLANG_WARN_DIRECT_OBJC_ISA_USAGE = YES_ERROR;
				CLANG_WARN_DOCUMENTATION_COMMENTS = YES;
				CLANG_WARN_EMPTY_BODY = YES;
				CLANG_WARN_ENUM_CONVERSION = YES;
				CLANG_WARN_INFINITE_RECURSION = YES;
				CLANG_WARN_INT_CONVERSION = YES;
				CLANG_WARN_NON_LITERAL_NULL_CONVERSION = YES;
				CLANG_WARN_OBJC_IMPLICIT_RETAIN_SELF = YES;
				CLANG_WARN_OBJC_LITERAL_CONVERSION = YES;
				CLANG_WARN_OBJC_ROOT_CLASS = YES_ERROR;
				CLANG_WARN_QUOTED_INCLUDE_IN_FRAMEWORK_HEADER = YES;
				CLANG_WARN_RANGE_LOOP_ANALYSIS = YES;
				CLANG_WARN_STRICT_PROTOTYPES = YES;
				CLANG_WARN_SUSPICIOUS_MOVE = YES;
				CLANG_WARN_UNGUARDED_AVAILABILITY = YES_AGGRESSIVE;
				CLANG_WARN_UNREACHABLE_CODE = YES;
				CLANG_WARN__DUPLICATE_METHOD_MATCH = YES;
				COPY_PHASE_STRIP = NO;
				DEBUG_INFORMATION_FORMAT = dwarf;
				ENABLE_STRICT_OBJC_MSGSEND = YES;
				ENABLE_TESTABILITY = YES;
				GCC_C_LANGUAGE_STANDARD = gnu11;
				GCC_DYNAMIC_NO_PIC = NO;
				GCC_NO_COMMON_BLOCKS = YES;
				GCC_OPTIMIZATION_LEVEL = 0;
				GCC_PREPROCESSOR_DEFINITIONS = (
					"DEBUG=1",
					"$(inherited)",
				);
				GCC_WARN_64_TO_32_BIT_CONVERSION = YES;
				GCC_WARN_ABOUT_RETURN_TYPE = YES_ERROR;
				GCC_WARN_UNDECLARED_SELECTOR = YES;
				GCC_WARN_UNINITIALIZED_AUTOS = YES_AGGRESSIVE;
				GCC_WARN_UNUSED_FUNCTION = YES;
				GCC_WARN_UNUSED_VARIABLE = YES;
				MTL_ENABLE_DEBUG_INFO = INCLUDE_SOURCE;
				MTL_FAST_MATH = YES;
				ONLY_ACTIVE_ARCH = YES;
				SWIFT_ACTIVE_COMPILATION_CONDITIONS = DEBUG;
				SWIFT_OPTIMIZATION_LEVEL = "-Onone";
			};
			name = Debug;
		};
		F7B10EA72AA5F5F80045D633 /* Release */ = {
			isa = XCBuildConfiguration;
			buildSettings = {
				ALWAYS_SEARCH_USER_PATHS = NO;
				CLANG_ANALYZER_NONNULL = YES;
				CLANG_ANALYZER_NUMBER_OBJECT_CONVERSION = YES_AGGRESSIVE;
				CLANG_CXX_LANGUAGE_STANDARD = "gnu++20";
				CLANG_ENABLE_MODULES = YES;
				CLANG_ENABLE_OBJC_ARC = YES;
				CLANG_ENABLE_OBJC_WEAK = YES;
				CLANG_WARN_BLOCK_CAPTURE_AUTORELEASING = YES;
				CLANG_WARN_BOOL_CONVERSION = YES;
				CLANG_WARN_COMMA = YES;
				CLANG_WARN_CONSTANT_CONVERSION = YES;
				CLANG_WARN_DEPRECATED_OBJC_IMPLEMENTATIONS = YES;
				CLANG_WARN_DIRECT_OBJC_ISA_USAGE = YES_ERROR;
				CLANG_WARN_DOCUMENTATION_COMMENTS = YES;
				CLANG_WARN_EMPTY_BODY = YES;
				CLANG_WARN_ENUM_CONVERSION = YES;
				CLANG_WARN_INFINITE_RECURSION = YES;
				CLANG_WARN_INT_CONVERSION = YES;
				CLANG_WARN_NON_LITERAL_NULL_CONVERSION = YES;
				CLANG_WARN_OBJC_IMPLICIT_RETAIN_SELF = YES;
				CLANG_WARN_OBJC_LITERAL_CONVERSION = YES;
				CLANG_WARN_OBJC_ROOT_CLASS = YES_ERROR;
				CLANG_WARN_QUOTED_INCLUDE_IN_FRAMEWORK_HEADER = YES;
				CLANG_WARN_RANGE_LOOP_ANALYSIS = YES;
				CLANG_WARN_STRICT_PROTOTYPES = YES;
				CLANG_WARN_SUSPICIOUS_MOVE = YES;
				CLANG_WARN_UNGUARDED_AVAILABILITY = YES_AGGRESSIVE;
				CLANG_WARN_UNREACHABLE_CODE = YES;
				CLANG_WARN__DUPLICATE_METHOD_MATCH = YES;
				COPY_PHASE_STRIP = NO;
				DEBUG_INFORMATION_FORMAT = "dwarf-with-dsym";
				ENABLE_NS_ASSERTIONS = NO;
				ENABLE_STRICT_OBJC_MSGSEND = YES;
				GCC_C_LANGUAGE_STANDARD = gnu11;
				GCC_NO_COMMON_BLOCKS = YES;
				GCC_WARN_64_TO_32_BIT_CONVERSION = YES;
				GCC_WARN_ABOUT_RETURN_TYPE = YES_ERROR;
				GCC_WARN_UNDECLARED_SELECTOR = YES;
				GCC_WARN_UNINITIALIZED_AUTOS = YES_AGGRESSIVE;
				GCC_WARN_UNUSED_FUNCTION = YES;
				GCC_WARN_UNUSED_VARIABLE = YES;
				MTL_ENABLE_DEBUG_INFO = NO;
				MTL_FAST_MATH = YES;
				SWIFT_COMPILATION_MODE = wholemodule;
				SWIFT_OPTIMIZATION_LEVEL = "-O";
			};
			name = Release;
		};
		F7B10EA92AA5F5F80045D633 /* Debug */ = {
			isa = XCBuildConfiguration;
			buildSettings = {
				ASSETCATALOG_COMPILER_APPICON_NAME = AppIcon;
				ASSETCATALOG_COMPILER_GLOBAL_ACCENT_COLOR_NAME = AccentColor;
				CODE_SIGN_ENTITLEMENTS = hegfrhegswf/hegfrhegswf.entitlements;
				CODE_SIGN_STYLE = Automatic;
				CURRENT_PROJECT_VERSION = 1;
				DEVELOPMENT_ASSET_PATHS = "\"hegfrhegswf/Preview Content\"";
				ENABLE_PREVIEWS = YES;
				GENERATE_INFOPLIST_FILE = YES;
				"INFOPLIST_KEY_UIApplicationSceneManifest_Generation[sdk=iphoneos*]" = YES;
				"INFOPLIST_KEY_UIApplicationSceneManifest_Generation[sdk=iphonesimulator*]" = YES;
				"INFOPLIST_KEY_UIApplicationSupportsIndirectInputEvents[sdk=iphoneos*]" = YES;
				"INFOPLIST_KEY_UIApplicationSupportsIndirectInputEvents[sdk=iphonesimulator*]" = YES;
				"INFOPLIST_KEY_UILaunchScreen_Generation[sdk=iphoneos*]" = YES;
				"INFOPLIST_KEY_UILaunchScreen_Generation[sdk=iphonesimulator*]" = YES;
				"INFOPLIST_KEY_UIStatusBarStyle[sdk=iphoneos*]" = UIStatusBarStyleDefault;
				"INFOPLIST_KEY_UIStatusBarStyle[sdk=iphonesimulator*]" = UIStatusBarStyleDefault;
				INFOPLIST_KEY_UISupportedInterfaceOrientations_iPad = "UIInterfaceOrientationPortrait UIInterfaceOrientationPortraitUpsideDown UIInterfaceOrientationLandscapeLeft UIInterfaceOrientationLandscapeRight";
				INFOPLIST_KEY_UISupportedInterfaceOrientations_iPhone = "UIInterfaceOrientationPortrait UIInterfaceOrientationLandscapeLeft UIInterfaceOrientationLandscapeRight";
				IPHONEOS_DEPLOYMENT_TARGET = 16.4;
				LD_RUNPATH_SEARCH_PATHS = "@executable_path/Frameworks";
				"LD_RUNPATH_SEARCH_PATHS[sdk=macosx*]" = "@executable_path/../Frameworks";
				MACOSX_DEPLOYMENT_TARGET = 13.2;
				MARKETING_VERSION = 1.0;
				PRODUCT_BUNDLE_IDENTIFIER = com.accreteglobus.hegfrhegswf;
				PRODUCT_NAME = "$(TARGET_NAME)";
				SDKROOT = auto;
				SUPPORTED_PLATFORMS = "iphoneos iphonesimulator macosx";
				SWIFT_EMIT_LOC_STRINGS = YES;
				SWIFT_VERSION = 5.0;
				TARGETED_DEVICE_FAMILY = "1,2";
			};
			name = Debug;
		};
		F7B10EAA2AA5F5F80045D633 /* Release */ = {
			isa = XCBuildConfiguration;
			buildSettings = {
				ASSETCATALOG_COMPILER_APPICON_NAME = AppIcon;
				ASSETCATALOG_COMPILER_GLOBAL_ACCENT_COLOR_NAME = AccentColor;
				CODE_SIGN_ENTITLEMENTS = hegfrhegswf/hegfrhegswf.entitlements;
				CODE_SIGN_STYLE = Automatic;
				CURRENT_PROJECT_VERSION = 1;
				DEVELOPMENT_ASSET_PATHS = "\"hegfrhegswf/Preview Content\"";
				ENABLE_PREVIEWS = YES;
				GENERATE_INFOPLIST_FILE = YES;
				"INFOPLIST_KEY_UIApplicationSceneManifest_Generation[sdk=iphoneos*]" = YES;
				"INFOPLIST_KEY_UIApplicationSceneManifest_Generation[sdk=iphonesimulator*]" = YES;
				"INFOPLIST_KEY_UIApplicationSupportsIndirectInputEvents[sdk=iphoneos*]" = YES;
				"INFOPLIST_KEY_UIApplicationSupportsIndirectInputEvents[sdk=iphonesimulator*]" = YES;
				"INFOPLIST_KEY_UILaunchScreen_Generation[sdk=iphoneos*]" = YES;
				"INFOPLIST_KEY_UILaunchScreen_Generation[sdk=iphonesimulator*]" = YES;
				"INFOPLIST_KEY_UIStatusBarStyle[sdk=iphoneos*]" = UIStatusBarStyleDefault;
				"INFOPLIST_KEY_UIStatusBarStyle[sdk=iphonesimulator*]" = UIStatusBarStyleDefault;
				INFOPLIST_KEY_UISupportedInterfaceOrientations_iPad = "UIInterfaceOrientationPortrait UIInterfaceOrientationPortraitUpsideDown UIInterfaceOrientationLandscapeLeft UIInterfaceOrientationLandscapeRight";
				INFOPLIST_KEY_UISupportedInterfaceOrientations_iPhone = "UIInterfaceOrientationPortrait UIInterfaceOrientationLandscapeLeft UIInterfaceOrientationLandscapeRight";
				IPHONEOS_DEPLOYMENT_TARGET = 16.4;
				LD_RUNPATH_SEARCH_PATHS = "@executable_path/Frameworks";
				"LD_RUNPATH_SEARCH_PATHS[sdk=macosx*]" = "@executable_path/../Frameworks";
				MACOSX_DEPLOYMENT_TARGET = 13.2;
				MARKETING_VERSION = 1.0;
				PRODUCT_BUNDLE_IDENTIFIER = com.accreteglobus.hegfrhegswf;
				PRODUCT_NAME = "$(TARGET_NAME)";
				SDKROOT = auto;
				SUPPORTED_PLATFORMS = "iphoneos iphonesimulator macosx";
				SWIFT_EMIT_LOC_STRINGS = YES;
				SWIFT_VERSION = 5.0;
				TARGETED_DEVICE_FAMILY = "1,2";
			};
			name = Release;
		};
		F7B10EAC2AA5F5F80045D633 /* Debug */ = {
			isa = XCBuildConfiguration;
			buildSettings = {
				ALWAYS_EMBED_SWIFT_STANDARD_LIBRARIES = YES;
				BUNDLE_LOADER = "$(TEST_HOST)";
				CODE_SIGN_STYLE = Automatic;
				CURRENT_PROJECT_VERSION = 1;
				GENERATE_INFOPLIST_FILE = YES;
				IPHONEOS_DEPLOYMENT_TARGET = 16.4;
				MACOSX_DEPLOYMENT_TARGET = 13.2;
				MARKETING_VERSION = 1.0;
				PRODUCT_BUNDLE_IDENTIFIER = com.accreteglobus.hegfrhegswfTests;
				PRODUCT_NAME = "$(TARGET_NAME)";
				SDKROOT = auto;
				SUPPORTED_PLATFORMS = "iphoneos iphonesimulator macosx";
				SWIFT_EMIT_LOC_STRINGS = NO;
				SWIFT_VERSION = 5.0;
				TARGETED_DEVICE_FAMILY = "1,2";
				TEST_HOST = "$(BUILT_PRODUCTS_DIR)/hegfrhegswf.app/$(BUNDLE_EXECUTABLE_FOLDER_PATH)/hegfrhegswf";
			};
			name = Debug;
		};
		F7B10EAD2AA5F5F80045D633 /* Release */ = {
			isa = XCBuildConfiguration;
			buildSettings = {
				ALWAYS_EMBED_SWIFT_STANDARD_LIBRARIES = YES;
				BUNDLE_LOADER = "$(TEST_HOST)";
				CODE_SIGN_STYLE = Automatic;
				CURRENT_PROJECT_VERSION = 1;
				GENERATE_INFOPLIST_FILE = YES;
				IPHONEOS_DEPLOYMENT_TARGET = 16.4;
				MACOSX_DEPLOYMENT_TARGET = 13.2;
				MARKETING_VERSION = 1.0;
				PRODUCT_BUNDLE_IDENTIFIER = com.accreteglobus.hegfrhegswfTests;
				PRODUCT_NAME = "$(TARGET_NAME)";
				SDKROOT = auto;
				SUPPORTED_PLATFORMS = "iphoneos iphonesimulator macosx";
				SWIFT_EMIT_LOC_STRINGS = NO;
				SWIFT_VERSION = 5.0;
				TARGETED_DEVICE_FAMILY = "1,2";
				TEST_HOST = "$(BUILT_PRODUCTS_DIR)/hegfrhegswf.app/$(BUNDLE_EXECUTABLE_FOLDER_PATH)/hegfrhegswf";
			};
			name = Release;
		};
		F7B10EAF2AA5F5F80045D633 /* Debug */ = {
			isa = XCBuildConfiguration;
			buildSettings = {
				ALWAYS_EMBED_SWIFT_STANDARD_LIBRARIES = YES;
				CODE_SIGN_STYLE = Automatic;
				CURRENT_PROJECT_VERSION = 1;
				GENERATE_INFOPLIST_FILE = YES;
				IPHONEOS_DEPLOYMENT_TARGET = 16.4;
				MACOSX_DEPLOYMENT_TARGET = 13.2;
				MARKETING_VERSION = 1.0;
				PRODUCT_BUNDLE_IDENTIFIER = com.accreteglobus.hegfrhegswfUITests;
				PRODUCT_NAME = "$(TARGET_NAME)";
				SDKROOT = auto;
				SUPPORTED_PLATFORMS = "iphoneos iphonesimulator macosx";
				SWIFT_EMIT_LOC_STRINGS = NO;
				SWIFT_VERSION = 5.0;
				TARGETED_DEVICE_FAMILY = "1,2";
				TEST_TARGET_NAME = hegfrhegswf;
			};
			name = Debug;
		};
		F7B10EB02AA5F5F80045D633 /* Release */ = {
			isa = XCBuildConfiguration;
			buildSettings = {
				ALWAYS_EMBED_SWIFT_STANDARD_LIBRARIES = YES;
				CODE_SIGN_STYLE = Automatic;
				CURRENT_PROJECT_VERSION = 1;
				GENERATE_INFOPLIST_FILE = YES;
				IPHONEOS_DEPLOYMENT_TARGET = 16.4;
				MACOSX_DEPLOYMENT_TARGET = 13.2;
				MARKETING_VERSION = 1.0;
				PRODUCT_BUNDLE_IDENTIFIER = com.accreteglobus.hegfrhegswfUITests;
				PRODUCT_NAME = "$(TARGET_NAME)";
				SDKROOT = auto;
				SUPPORTED_PLATFORMS = "iphoneos iphonesimulator macosx";
				SWIFT_EMIT_LOC_STRINGS = NO;
				SWIFT_VERSION = 5.0;
				TARGETED_DEVICE_FAMILY = "1,2";
				TEST_TARGET_NAME = hegfrhegswf;
			};
			name = Release;
		};
/* End XCBuildConfiguration section */

/* Begin XCConfigurationList section */
		F7B10E7E2AA5F5F70045D633 /* Build configuration list for PBXProject "hegfrhegswf" */ = {
			isa = XCConfigurationList;
			buildConfigurations = (
				F7B10EA62AA5F5F80045D633 /* Debug */,
				F7B10EA72AA5F5F80045D633 /* Release */,
			);
			defaultConfigurationIsVisible = 0;
			defaultConfigurationName = Release;
		};
		F7B10EA82AA5F5F80045D633 /* Build configuration list for PBXNativeTarget "hegfrhegswf" */ = {
			isa = XCConfigurationList;
			buildConfigurations = (
				F7B10EA92AA5F5F80045D633 /* Debug */,
				F7B10EAA2AA5F5F80045D633 /* Release */,
			);
			defaultConfigurationIsVisible = 0;
			defaultConfigurationName = Release;
		};
		F7B10EAB2AA5F5F80045D633 /* Build configuration list for PBXNativeTarget "hegfrhegswfTests" */ = {
			isa = XCConfigurationList;
			buildConfigurations = (
				F7B10EAC2AA5F5F80045D633 /* Debug */,
				F7B10EAD2AA5F5F80045D633 /* Release */,
			);
			defaultConfigurationIsVisible = 0;
			defaultConfigurationName = Release;
		};
		F7B10EAE2AA5F5F80045D633 /* Build configuration list for PBXNativeTarget "hegfrhegswfUITests" */ = {
			isa = XCConfigurationList;
			buildConfigurations = (
				F7B10EAF2AA5F5F80045D633 /* Debug */,
				F7B10EB02AA5F5F80045D633 /* Release */,
			);
			defaultConfigurationIsVisible = 0;
			defaultConfigurationName = Release;
		};
/* End XCConfigurationList section */
	};
	rootObject = F7B10E7B2AA5F5F70045D633 /* Project object */;
}
